
Microsoft Visual Studio Solution File, Format Version 12.00
# Visual Studio Version 17
VisualStudioVersion = 17.2.32630.192
MinimumVisualStudioVersion = 10.0.40219.1
Project("{9A19103F-16F7-4668-BE54-9A1E7A4F7556}") = "MovieLibraryConsoleHost", "MovieLibraryConsoleHost\MovieLibraryConsoleHost.csproj", "{B98268B9-AE7B-401E-9E1A-DB587847F428}"
EndProject
Project("{9A19103F-16F7-4668-BE54-9A1E7A4F7556}") = "MovieLibrary", "MovieLibrary\MovieLibrary.csproj", "{EDC8EB2F-8714-4D6C-ACF2-858420EDEB94}"
EndProject
Project("{FAE04EC0-301F-11D3-BF4B-00C04F79EFBC}") = "MovieLibrary.WinHost", "MovieLibrary.WinHost\MovieLibrary.WinHost.csproj", "{B9067B61-C900-424D-8D51-77F472DA56BC}"
EndProject
Global
	GlobalSection(SolutionConfigurationPlatforms) = preSolution
		Debug|Any CPU = Debug|Any CPU
		Release|Any CPU = Release|Any CPU
	EndGlobalSection
	GlobalSection(ProjectConfigurationPlatforms) = postSolution
		{B98268B9-AE7B-401E-9E1A-DB587847F428}.Debug|Any CPU.ActiveCfg = Debug|Any CPU
		{B98268B9-AE7B-401E-9E1A-DB587847F428}.Debug|Any CPU.Build.0 = Debug|Any CPU
		{B98268B9-AE7B-401E-9E1A-DB587847F428}.Release|Any CPU.ActiveCfg = Release|Any CPU
		{B98268B9-AE7B-401E-9E1A-DB587847F428}.Release|Any CPU.Build.0 = Release|Any CPU
		{EDC8EB2F-8714-4D6C-ACF2-858420EDEB94}.Debug|Any CPU.ActiveCfg = Debug|Any CPU
		{EDC8EB2F-8714-4D6C-ACF2-858420EDEB94}.Debug|Any CPU.Build.0 = Debug|Any CPU
		{EDC8EB2F-8714-4D6C-ACF2-858420EDEB94}.Release|Any CPU.ActiveCfg = Release|Any CPU
		{EDC8EB2F-8714-4D6C-ACF2-858420EDEB94}.Release|Any CPU.Build.0 = Release|Any CPU
		{B9067B61-C900-424D-8D51-77F472DA56BC}.Debug|Any CPU.ActiveCfg = Debug|Any CPU
		{B9067B61-C900-424D-8D51-77F472DA56BC}.Debug|Any CPU.Build.0 = Debug|Any CPU
		{B9067B61-C900-424D-8D51-77F472DA56BC}.Release|Any CPU.ActiveCfg = Release|Any CPU
		{B9067B61-C900-424D-8D51-77F472DA56BC}.Release|Any CPU.Build.0 = Release|Any CPU
	EndGlobalSection
	GlobalSection(SolutionProperties) = preSolution
		HideSolutionNode = FALSE
	EndGlobalSection
	GlobalSection(ExtensibilityGlobals) = postSolution
		SolutionGuid = {2C8F0784-F714-4519-96C1-CDE4ADB4272C}
	EndGlobalSection
EndGlobal
