
Microsoft Visual Studio Solution File, Format Version 12.00
# Visual Studio Version 17
VisualStudioVersion = 17.4.33103.184
MinimumVisualStudioVersion = 10.0.40219.1
Project("{FAE04EC0-301F-11D3-BF4B-00C04F79EFBC}") = "KennethVPascua.ContactManager.UI", "KennethVPascua.ContactManager.UI\KennethVPascua.ContactManager.UI.csproj", "{EE1F33EF-0A50-4D9B-96D5-9080848EA8B6}"
EndProject
Project("{FAE04EC0-301F-11D3-BF4B-00C04F79EFBC}") = "ContactDatabase", "ContactDatabase\ContactDatabase.csproj", "{72D4D376-1775-4A8A-A6EE-A304C759B31A}"
EndProject
Global
	GlobalSection(SolutionConfigurationPlatforms) = preSolution
		Debug|Any CPU = Debug|Any CPU
		Release|Any CPU = Release|Any CPU
	EndGlobalSection
	GlobalSection(ProjectConfigurationPlatforms) = postSolution
		{EE1F33EF-0A50-4D9B-96D5-9080848EA8B6}.Debug|Any CPU.ActiveCfg = Debug|Any CPU
		{EE1F33EF-0A50-4D9B-96D5-9080848EA8B6}.Debug|Any CPU.Build.0 = Debug|Any CPU
		{EE1F33EF-0A50-4D9B-96D5-9080848EA8B6}.Release|Any CPU.ActiveCfg = Release|Any CPU
		{EE1F33EF-0A50-4D9B-96D5-9080848EA8B6}.Release|Any CPU.Build.0 = Release|Any CPU
		{72D4D376-1775-4A8A-A6EE-A304C759B31A}.Debug|Any CPU.ActiveCfg = Debug|Any CPU
		{72D4D376-1775-4A8A-A6EE-A304C759B31A}.Debug|Any CPU.Build.0 = Debug|Any CPU
		{72D4D376-1775-4A8A-A6EE-A304C759B31A}.Release|Any CPU.ActiveCfg = Release|Any CPU
		{72D4D376-1775-4A8A-A6EE-A304C759B31A}.Release|Any CPU.Build.0 = Release|Any CPU
	EndGlobalSection
	GlobalSection(SolutionProperties) = preSolution
		HideSolutionNode = FALSE
	EndGlobalSection
	GlobalSection(ExtensibilityGlobals) = postSolution
		SolutionGuid = {0DA1A05F-923D-48A9-BAC6-64730B12B1D2}
	EndGlobalSection
EndGlobal
