
Microsoft Visual Studio Solution File, Format Version 12.00
# Visual Studio Version 17
VisualStudioVersion = 17.2.32630.192
MinimumVisualStudioVersion = 10.0.40219.1
Project("{FAE04EC0-301F-11D3-BF4B-00C04F79EFBC}") = "HelloWorld", "HelloWorld\HelloWorld.csproj", "{96AB9755-A86C-4B5C-AED1-2C891168B95A}"
EndProject
Global
	GlobalSection(SolutionConfigurationPlatforms) = preSolution
		Debug|Any CPU = Debug|Any CPU
		Release|Any CPU = Release|Any CPU
	EndGlobalSection
	GlobalSection(ProjectConfigurationPlatforms) = postSolution
		{96AB9755-A86C-4B5C-AED1-2C891168B95A}.Debug|Any CPU.ActiveCfg = Debug|Any CPU
		{96AB9755-A86C-4B5C-AED1-2C891168B95A}.Debug|Any CPU.Build.0 = Debug|Any CPU
		{96AB9755-A86C-4B5C-AED1-2C891168B95A}.Release|Any CPU.ActiveCfg = Release|Any CPU
		{96AB9755-A86C-4B5C-AED1-2C891168B95A}.Release|Any CPU.Build.0 = Release|Any CPU
	EndGlobalSection
	GlobalSection(SolutionProperties) = preSolution
		HideSolutionNode = FALSE
	EndGlobalSection
	GlobalSection(ExtensibilityGlobals) = postSolution
		SolutionGuid = {A20B6E19-74A4-433B-86E2-A2D087B7BE08}
	EndGlobalSection
EndGlobal
